Microsoft Visual Studio Solution File, Format Version 12.00
# Visual Studio Version 16
VisualStudioVersion = 16.0.29509.3
MinimumVisualStudioVersion = 10.0.40219.1
Project("{FAE04EC0-301F-11D3-BF4B-00C04F79EFBC}") = "CitadelMod", "GenericCitadel\CitadelMod.csproj", "{F39A5CFF-1F10-464F-B85E-C359213B14E1}"
EndProject
Global
	GlobalSection(SolutionConfigurationPlatforms) = preSolution
		Debug|Any CPU = Debug|Any CPU
		Release|Any CPU = Release|Any CPU
	EndGlobalSection
	GlobalSection(ProjectConfigurationPlatforms) = postSolution
		{F39A5CFF-1F10-464F-B85E-C359213B14E1}.Debug|Any CPU.ActiveCfg = Debug|Any CPU
		{F39A5CFF-1F10-464F-B85E-C359213B14E1}.Debug|Any CPU.Build.0 = Debug|Any CPU
		{F39A5CFF-1F10-464F-B85E-C359213B14E1}.Release|Any CPU.ActiveCfg = Release|Any CPU
		{F39A5CFF-1F10-464F-B85E-C359213B14E1}.Release|Any CPU.Build.0 = Release|Any CPU
	EndGlobalSection
	GlobalSection(SolutionProperties) = preSolution
		HideSolutionNode = FALSE
	EndGlobalSection
	GlobalSection(ExtensibilityGlobals) = postSolution
		SolutionGuid = {db639b2d-b59d-4f02-9531-92c203dfa74a}
	EndGlobalSection
EndGlobal
